// !$*UTF8*$!
{
	archiveVersion = 1;
	classes = {
	};
	objectVersion = 46;
	objects = {

/* Begin PBXBuildFile section */
		031F442819B878F5007A3ECE /* VideoCaptureSession+AvFoundation.swift in Sources */ = {isa = PBXBuildFile; fileRef = 031F442719B878F5007A3ECE /* VideoCaptureSession+AvFoundation.swift */; };
		031F442A19B87921007A3ECE /* VideoCaptureSession+CoreImage.swift in Sources */ = {isa = PBXBuildFile; fileRef = 031F442919B87921007A3ECE /* VideoCaptureSession+CoreImage.swift */; };
		032EE46F19AB56EC006D4852 /* FeatureListViewController.swift in Sources */ = {isa = PBXBuildFile; fileRef = 032EE46E19AB56EC006D4852 /* FeatureListViewController.swift */; };
		0344D1811976B09B0035FED3 /* CoreMedia.framework in Frameworks */ = {isa = PBXBuildFile; fileRef = 0344D1801976B09B0035FED3 /* CoreMedia.framework */; };
		0367E58D197D256D000C3F66 /* FaceDetectionEnum.swift in Sources */ = {isa = PBXBuildFile; fileRef = 0367E58C197D256D000C3F66 /* FaceDetectionEnum.swift */; };
		037A00E719862F93007362AB /* Utility.swift in Sources */ = {isa = PBXBuildFile; fileRef = 037A00E619862F93007362AB /* Utility.swift */; };
		037A00E919865163007362AB /* FDError.swift in Sources */ = {isa = PBXBuildFile; fileRef = 037A00E819865163007362AB /* FDError.swift */; };
		03ACF19F1979018A00923E08 /* FaceDetectionConstant.swift in Sources */ = {isa = PBXBuildFile; fileRef = 03ACF19E1979018A00923E08 /* FaceDetectionConstant.swift */; };
		03B221C619ADDEE100C6F30C /* faceGestureFeature.plist in Resources */ = {isa = PBXBuildFile; fileRef = 03B221B619ADDEE000C6F30C /* faceGestureFeature.plist */; };
		03B221C719ADDEE100C6F30C /* Main.storyboard in Resources */ = {isa = PBXBuildFile; fileRef = 03B221B719ADDEE000C6F30C /* Main.storyboard */; };
		03B221C819ADDEE100C6F30C /* 1.jpg in Resources */ = {isa = PBXBuildFile; fileRef = 03B221BB19ADDEE000C6F30C /* 1.jpg */; };
		03B221C919ADDEE100C6F30C /* 10.jpg in Resources */ = {isa = PBXBuildFile; fileRef = 03B221BC19ADDEE000C6F30C /* 10.jpg */; };
		03B221CA19ADDEE100C6F30C /* 2.jpg in Resources */ = {isa = PBXBuildFile; fileRef = 03B221BD19ADDEE000C6F30C /* 2.jpg */; };
		03B221CB19ADDEE100C6F30C /* 3.jpg in Resources */ = {isa = PBXBuildFile; fileRef = 03B221BE19ADDEE000C6F30C /* 3.jpg */; };
		03B221CC19ADDEE100C6F30C /* 4.jpg in Resources */ = {isa = PBXBuildFile; fileRef = 03B221BF19ADDEE000C6F30C /* 4.jpg */; };
		03B221CD19ADDEE100C6F30C /* 5.jpg in Resources */ = {isa = PBXBuildFile; fileRef = 03B221C019ADDEE000C6F30C /* 5.jpg */; };
		03B221CE19ADDEE100C6F30C /* 6.jpg in Resources */ = {isa = PBXBuildFile; fileRef = 03B221C119ADDEE000C6F30C /* 6.jpg */; };
		03B221CF19ADDEE100C6F30C /* 7.jpg in Resources */ = {isa = PBXBuildFile; fileRef = 03B221C219ADDEE000C6F30C /* 7.jpg */; };
		03B221D019ADDEE100C6F30C /* 8.jpg in Resources */ = {isa = PBXBuildFile; fileRef = 03B221C319ADDEE000C6F30C /* 8.jpg */; };
		03B221D119ADDEE100C6F30C /* 9.jpg in Resources */ = {isa = PBXBuildFile; fileRef = 03B221C419ADDEE100C6F30C /* 9.jpg */; };
		03B221D219ADDEE100C6F30C /* Images.xcassets in Resources */ = {isa = PBXBuildFile; fileRef = 03B221C519ADDEE100C6F30C /* Images.xcassets */; };
		03B221D519ADDF6A00C6F30C /* FDImageView.swift in Sources */ = {isa = PBXBuildFile; fileRef = 03B221D419ADDF6A00C6F30C /* FDImageView.swift */; };
		03B221D719ADE38400C6F30C /* galleryViewImageNameList.plist in Resources */ = {isa = PBXBuildFile; fileRef = 03B221D619ADE38400C6F30C /* galleryViewImageNameList.plist */; };
		03B378E219BF004700D0EE82 /* ExtensionFaceDetectionOpenCv.mm in Sources */ = {isa = PBXBuildFile; fileRef = 03B378E119BF004700D0EE82 /* ExtensionFaceDetectionOpenCv.mm */; };
		03B9311F19B9B05A00B0C7C2 /* FaceEvent.swift in Sources */ = {isa = PBXBuildFile; fileRef = 03B9311E19B9B05A00B0C7C2 /* FaceEvent.swift */; };
		03BDE9A219BDB45500DA44AF /* opencv2.framework in Frameworks */ = {isa = PBXBuildFile; fileRef = 03BDE9A119BDB45500DA44AF /* opencv2.framework */; };
		03BDE9A619BDB48700DA44AF /* ExtensionVideoCaptureOpenCv.mm in Sources */ = {isa = PBXBuildFile; fileRef = 03BDE9A519BDB48700DA44AF /* ExtensionVideoCaptureOpenCv.mm */; };
		03C1AEA619755065005093E1 /* VideoCaptureSession.swift in Sources */ = {isa = PBXBuildFile; fileRef = 03C1AEA519755065005093E1 /* VideoCaptureSession.swift */; };
		03C1AEA8197550D3005093E1 /* AVFoundation.framework in Frameworks */ = {isa = PBXBuildFile; fileRef = 03C1AEA7197550D3005093E1 /* AVFoundation.framework */; };
		03C1AEAA1975534B005093E1 /* UIKit.framework in Frameworks */ = {isa = PBXBuildFile; fileRef = 03C1AEA91975534B005093E1 /* UIKit.framework */; };
		03C687961973EB1F007203F3 /* FaceGestureSampleTests.swift in Sources */ = {isa = PBXBuildFile; fileRef = 03C687951973EB1F007203F3 /* FaceGestureSampleTests.swift */; };
		03C687AB1973F7F7007203F3 /* AppDelegate.swift in Sources */ = {isa = PBXBuildFile; fileRef = 03C687A11973F7F7007203F3 /* AppDelegate.swift */; };
		03C687AC1973F7F7007203F3 /* FDGalleryViewController.swift in Sources */ = {isa = PBXBuildFile; fileRef = 03C687A51973F7F7007203F3 /* FDGalleryViewController.swift */; };
		03C687B01973F941007203F3 /* FaceDetectionManager.swift in Sources */ = {isa = PBXBuildFile; fileRef = 03C687AF1973F941007203F3 /* FaceDetectionManager.swift */; };
		03C687B21973F9B1007203F3 /* CoreImage.framework in Frameworks */ = {isa = PBXBuildFile; fileRef = 03C687B11973F9B1007203F3 /* CoreImage.framework */; };
		03D34EEC19BEDA01004DC0B1 /* AssetsLibrary.framework in Frameworks */ = {isa = PBXBuildFile; fileRef = 03D34EEB19BEDA01004DC0B1 /* AssetsLibrary.framework */; };
		03D34EF719BEF9FD004DC0B1 /* FDReadingViewController.swift in Sources */ = {isa = PBXBuildFile; fileRef = 03D34EF619BEF9FD004DC0B1 /* FDReadingViewController.swift */; };
		C10850A119A9E8A00077A3C9 /* FaceDetectionManager+AvFoundation.swift in Sources */ = {isa = PBXBuildFile; fileRef = C10850A019A9E8A00077A3C9 /* FaceDetectionManager+AvFoundation.swift */; };
		C116C69819B24FDF008439E2 /* FaceDetectionManager+CoreImage.swift in Sources */ = {isa = PBXBuildFile; fileRef = C116C69719B24FDF008439E2 /* FaceDetectionManager+CoreImage.swift */; };
/* End PBXBuildFile section */

/* Begin PBXContainerItemProxy section */
		03C687901973EB1F007203F3 /* PBXContainerItemProxy */ = {
			isa = PBXContainerItemProxy;
			containerPortal = 03C687751973EB1F007203F3 /* Project object */;
			proxyType = 1;
			remoteGlobalIDString = 03C6877C1973EB1F007203F3;
			remoteInfo = FaceGestureSample;
		};
/* End PBXContainerItemProxy section */

/* Begin PBXFileReference section */
		031F442719B878F5007A3ECE /* VideoCaptureSession+AvFoundation.swift */ = {isa = PBXFileReference; fileEncoding = 4; lastKnownFileType = sourcecode.swift; path = "VideoCaptureSession+AvFoundation.swift"; sourceTree = "<group>"; };
		031F442919B87921007A3ECE /* VideoCaptureSession+CoreImage.swift */ = {isa = PBXFileReference; fileEncoding = 4; lastKnownFileType = sourcecode.swift; path = "VideoCaptureSession+CoreImage.swift"; sourceTree = "<group>"; };
		032EE46E19AB56EC006D4852 /* FeatureListViewController.swift */ = {isa = PBXFileReference; fileEncoding = 4; lastKnownFileType = sourcecode.swift; path = FeatureListViewController.swift; sourceTree = "<group>"; };
		0344D1801976B09B0035FED3 /* CoreMedia.framework */ = {isa = PBXFileReference; lastKnownFileType = wrapper.framework; name = CoreMedia.framework; path = System/Library/Frameworks/CoreMedia.framework; sourceTree = SDKROOT; };
		0367E58C197D256D000C3F66 /* FaceDetectionEnum.swift */ = {isa = PBXFileReference; fileEncoding = 4; lastKnownFileType = sourcecode.swift; path = FaceDetectionEnum.swift; sourceTree = "<group>"; };
		037A00E619862F93007362AB /* Utility.swift */ = {isa = PBXFileReference; fileEncoding = 4; lastKnownFileType = sourcecode.swift; path = Utility.swift; sourceTree = "<group>"; };
		037A00E819865163007362AB /* FDError.swift */ = {isa = PBXFileReference; fileEncoding = 4; lastKnownFileType = sourcecode.swift; path = FDError.swift; sourceTree = "<group>"; };
		03ACF19E1979018A00923E08 /* FaceDetectionConstant.swift */ = {isa = PBXFileReference; fileEncoding = 4; lastKnownFileType = sourcecode.swift; path = FaceDetectionConstant.swift; sourceTree = "<group>"; };
		03B221B619ADDEE000C6F30C /* faceGestureFeature.plist */ = {isa = PBXFileReference; fileEncoding = 4; lastKnownFileType = text.plist.xml; path = faceGestureFeature.plist; sourceTree = "<group>"; };
		03B221B819ADDEE000C6F30C /* Base */ = {isa = PBXFileReference; lastKnownFileType = file.storyboard; name = Base; path = Base.lproj/Main.storyboard; sourceTree = "<group>"; };
		03B221BB19ADDEE000C6F30C /* 1.jpg */ = {isa = PBXFileReference; lastKnownFileType = image.jpeg; path = 1.jpg; sourceTree = "<group>"; };
		03B221BC19ADDEE000C6F30C /* 10.jpg */ = {isa = PBXFileReference; lastKnownFileType = image.jpeg; path = 10.jpg; sourceTree = "<group>"; };
		03B221BD19ADDEE000C6F30C /* 2.jpg */ = {isa = PBXFileReference; lastKnownFileType = image.jpeg; path = 2.jpg; sourceTree = "<group>"; };
		03B221BE19ADDEE000C6F30C /* 3.jpg */ = {isa = PBXFileReference; lastKnownFileType = image.jpeg; path = 3.jpg; sourceTree = "<group>"; };
		03B221BF19ADDEE000C6F30C /* 4.jpg */ = {isa = PBXFileReference; lastKnownFileType = image.jpeg; path = 4.jpg; sourceTree = "<group>"; };
		03B221C019ADDEE000C6F30C /* 5.jpg */ = {isa = PBXFileReference; lastKnownFileType = image.jpeg; path = 5.jpg; sourceTree = "<group>"; };
		03B221C119ADDEE000C6F30C /* 6.jpg */ = {isa = PBXFileReference; lastKnownFileType = image.jpeg; path = 6.jpg; sourceTree = "<group>"; };
		03B221C219ADDEE000C6F30C /* 7.jpg */ = {isa = PBXFileReference; lastKnownFileType = image.jpeg; path = 7.jpg; sourceTree = "<group>"; };
		03B221C319ADDEE000C6F30C /* 8.jpg */ = {isa = PBXFileReference; lastKnownFileType = image.jpeg; path = 8.jpg; sourceTree = "<group>"; };
		03B221C419ADDEE100C6F30C /* 9.jpg */ = {isa = PBXFileReference; lastKnownFileType = image.jpeg; path = 9.jpg; sourceTree = "<group>"; };
		03B221C519ADDEE100C6F30C /* Images.xcassets */ = {isa = PBXFileReference; lastKnownFileType = folder.assetcatalog; path = Images.xcassets; sourceTree = "<group>"; };
		03B221D419ADDF6A00C6F30C /* FDImageView.swift */ = {isa = PBXFileReference; fileEncoding = 4; lastKnownFileType = sourcecode.swift; path = FDImageView.swift; sourceTree = "<group>"; };
		03B221D619ADE38400C6F30C /* galleryViewImageNameList.plist */ = {isa = PBXFileReference; fileEncoding = 4; lastKnownFileType = text.plist.xml; path = galleryViewImageNameList.plist; sourceTree = "<group>"; };
		03B378E019BF004700D0EE82 /* ExtensionFaceDetectionOpenCv.h */ = {isa = PBXFileReference; fileEncoding = 4; lastKnownFileType = sourcecode.c.h; path = ExtensionFaceDetectionOpenCv.h; sourceTree = "<group>"; };
		03B378E119BF004700D0EE82 /* ExtensionFaceDetectionOpenCv.mm */ = {isa = PBXFileReference; fileEncoding = 4; lastKnownFileType = sourcecode.cpp.objcpp; path = ExtensionFaceDetectionOpenCv.mm; sourceTree = "<group>"; };
		03B9311E19B9B05A00B0C7C2 /* FaceEvent.swift */ = {isa = PBXFileReference; fileEncoding = 4; lastKnownFileType = sourcecode.swift; path = FaceEvent.swift; sourceTree = "<group>"; };
		03BDE9A119BDB45500DA44AF /* opencv2.framework */ = {isa = PBXFileReference; lastKnownFileType = wrapper.framework; path = opencv2.framework; sourceTree = "<group>"; };
		03BDE9A419BDB48700DA44AF /* ExtensionVideoCaptureOpenCv.h */ = {isa = PBXFileReference; fileEncoding = 4; lastKnownFileType = sourcecode.c.h; path = ExtensionVideoCaptureOpenCv.h; sourceTree = "<group>"; };
		03BDE9A519BDB48700DA44AF /* ExtensionVideoCaptureOpenCv.mm */ = {isa = PBXFileReference; fileEncoding = 4; lastKnownFileType = sourcecode.cpp.objcpp; path = ExtensionVideoCaptureOpenCv.mm; sourceTree = "<group>"; };
		03C1AEA519755065005093E1 /* VideoCaptureSession.swift */ = {isa = PBXFileReference; fileEncoding = 4; lastKnownFileType = sourcecode.swift; path = VideoCaptureSession.swift; sourceTree = "<group>"; };
		03C1AEA7197550D3005093E1 /* AVFoundation.framework */ = {isa = PBXFileReference; lastKnownFileType = wrapper.framework; name = AVFoundation.framework; path = System/Library/Frameworks/AVFoundation.framework; sourceTree = SDKROOT; };
		03C1AEA91975534B005093E1 /* UIKit.framework */ = {isa = PBXFileReference; lastKnownFileType = wrapper.framework; name = UIKit.framework; path = System/Library/Frameworks/UIKit.framework; sourceTree = SDKROOT; };
		03C6877D1973EB1F007203F3 /* FaceGestureSample.app */ = {isa = PBXFileReference; explicitFileType = wrapper.application; includeInIndex = 0; path = FaceGestureSample.app; sourceTree = BUILT_PRODUCTS_DIR; };
		03C687811973EB1F007203F3 /* Info.plist */ = {isa = PBXFileReference; lastKnownFileType = text.plist.xml; path = Info.plist; sourceTree = "<group>"; };
		03C6878F1973EB1F007203F3 /* FaceGestureSampleTests.xctest */ = {isa = PBXFileReference; explicitFileType = wrapper.cfbundle; includeInIndex = 0; path = FaceGestureSampleTests.xctest; sourceTree = BUILT_PRODUCTS_DIR; };
		03C687941973EB1F007203F3 /* Info.plist */ = {isa = PBXFileReference; lastKnownFileType = text.plist.xml; path = Info.plist; sourceTree = "<group>"; };
		03C687951973EB1F007203F3 /* FaceGestureSampleTests.swift */ = {isa = PBXFileReference; lastKnownFileType = sourcecode.swift; path = FaceGestureSampleTests.swift; sourceTree = "<group>"; };
		03C687A11973F7F7007203F3 /* AppDelegate.swift */ = {isa = PBXFileReference; fileEncoding = 4; lastKnownFileType = sourcecode.swift; path = AppDelegate.swift; sourceTree = "<group>"; };
		03C687A51973F7F7007203F3 /* FDGalleryViewController.swift */ = {isa = PBXFileReference; fileEncoding = 4; lastKnownFileType = sourcecode.swift; path = FDGalleryViewController.swift; sourceTree = "<group>"; };
		03C687AF1973F941007203F3 /* FaceDetectionManager.swift */ = {isa = PBXFileReference; fileEncoding = 4; lastKnownFileType = sourcecode.swift; path = FaceDetectionManager.swift; sourceTree = "<group>"; };
		03C687B11973F9B1007203F3 /* CoreImage.framework */ = {isa = PBXFileReference; lastKnownFileType = wrapper.framework; name = CoreImage.framework; path = System/Library/Frameworks/CoreImage.framework; sourceTree = SDKROOT; };
		03D34EEB19BEDA01004DC0B1 /* AssetsLibrary.framework */ = {isa = PBXFileReference; lastKnownFileType = wrapper.framework; name = AssetsLibrary.framework; path = System/Library/Frameworks/AssetsLibrary.framework; sourceTree = SDKROOT; };
		03D34EF519BEE49A004DC0B1 /* FaceGestureSample-Bridging-Header.h */ = {isa = PBXFileReference; fileEncoding = 4; lastKnownFileType = sourcecode.c.h; name = "FaceGestureSample-Bridging-Header.h"; path = "Classes/DeviceCapability/FaceGestureSample-Bridging-Header.h"; sourceTree = "<group>"; };
		03D34EF619BEF9FD004DC0B1 /* FDReadingViewController.swift */ = {isa = PBXFileReference; fileEncoding = 4; lastKnownFileType = sourcecode.swift; path = FDReadingViewController.swift; sourceTree = "<group>"; };
		C10850A019A9E8A00077A3C9 /* FaceDetectionManager+AvFoundation.swift */ = {isa = PBXFileReference; fileEncoding = 4; lastKnownFileType = sourcecode.swift; path = "FaceDetectionManager+AvFoundation.swift"; sourceTree = "<group>"; };
		C116C69719B24FDF008439E2 /* FaceDetectionManager+CoreImage.swift */ = {isa = PBXFileReference; fileEncoding = 4; lastKnownFileType = sourcecode.swift; path = "FaceDetectionManager+CoreImage.swift"; sourceTree = "<group>"; };
/* End PBXFileReference section */

/* Begin PBXFrameworksBuildPhase section */
		03C6877A1973EB1F007203F3 /* Frameworks */ = {
			isa = PBXFrameworksBuildPhase;
			buildActionMask = 2147483647;
			files = (
				03D34EEC19BEDA01004DC0B1 /* AssetsLibrary.framework in Frameworks */,
				03BDE9A219BDB45500DA44AF /* opencv2.framework in Frameworks */,
				0344D1811976B09B0035FED3 /* CoreMedia.framework in Frameworks */,
				03C1AEAA1975534B005093E1 /* UIKit.framework in Frameworks */,
				03C1AEA8197550D3005093E1 /* AVFoundation.framework in Frameworks */,
				03C687B21973F9B1007203F3 /* CoreImage.framework in Frameworks */,
			);
			runOnlyForDeploymentPostprocessing = 0;
		};
		03C6878C1973EB1F007203F3 /* Frameworks */ = {
			isa = PBXFrameworksBuildPhase;
			buildActionMask = 2147483647;
			files = (
			);
			runOnlyForDeploymentPostprocessing = 0;
		};
/* End PBXFrameworksBuildPhase section */

/* Begin PBXGroup section */
		037A00E519862F80007362AB /* Utility */ = {
			isa = PBXGroup;
			children = (
				037A00E619862F93007362AB /* Utility.swift */,
				037A00E819865163007362AB /* FDError.swift */,
			);
			path = Utility;
			sourceTree = "<group>";
		};
		03B221B419ADDEE000C6F30C /* Resource */ = {
			isa = PBXGroup;
			children = (
				03B221B519ADDEE000C6F30C /* AppDataStorage */,
				03B221B719ADDEE000C6F30C /* Main.storyboard */,
				03B221B919ADDEE000C6F30C /* Images */,
				03B221C519ADDEE100C6F30C /* Images.xcassets */,
			);
			name = Resource;
			path = ../Resource;
			sourceTree = "<group>";
		};
		03B221B519ADDEE000C6F30C /* AppDataStorage */ = {
			isa = PBXGroup;
			children = (
				03B221B619ADDEE000C6F30C /* faceGestureFeature.plist */,
				03B221D619ADE38400C6F30C /* galleryViewImageNameList.plist */,
			);
			path = AppDataStorage;
			sourceTree = "<group>";
		};
		03B221B919ADDEE000C6F30C /* Images */ = {
			isa = PBXGroup;
			children = (
				03B221BA19ADDEE000C6F30C /* GalleryViewImages */,
			);
			path = Images;
			sourceTree = "<group>";
		};
		03B221BA19ADDEE000C6F30C /* GalleryViewImages */ = {
			isa = PBXGroup;
			children = (
				03B221BB19ADDEE000C6F30C /* 1.jpg */,
				03B221BC19ADDEE000C6F30C /* 10.jpg */,
				03B221BD19ADDEE000C6F30C /* 2.jpg */,
				03B221BE19ADDEE000C6F30C /* 3.jpg */,
				03B221BF19ADDEE000C6F30C /* 4.jpg */,
				03B221C019ADDEE000C6F30C /* 5.jpg */,
				03B221C119ADDEE000C6F30C /* 6.jpg */,
				03B221C219ADDEE000C6F30C /* 7.jpg */,
				03B221C319ADDEE000C6F30C /* 8.jpg */,
				03B221C419ADDEE100C6F30C /* 9.jpg */,
			);
			path = GalleryViewImages;
			sourceTree = "<group>";
		};
		03B221D319ADDF3A00C6F30C /* Views */ = {
			isa = PBXGroup;
			children = (
				03B221D419ADDF6A00C6F30C /* FDImageView.swift */,
			);
			path = Views;
			sourceTree = "<group>";
		};
		03C687741973EB1F007203F3 = {
			isa = PBXGroup;
			children = (
				03C6877F1973EB1F007203F3 /* FaceGestureSample */,
				03C687921973EB1F007203F3 /* FaceGestureSampleTests */,
				03C6877E1973EB1F007203F3 /* Products */,
			);
			sourceTree = "<group>";
		};
		03C6877E1973EB1F007203F3 /* Products */ = {
			isa = PBXGroup;
			children = (
				03C6877D1973EB1F007203F3 /* FaceGestureSample.app */,
				03C6878F1973EB1F007203F3 /* FaceGestureSampleTests.xctest */,
			);
			name = Products;
			sourceTree = "<group>";
		};
		03C6877F1973EB1F007203F3 /* FaceGestureSample */ = {
			isa = PBXGroup;
			children = (
				03C6879F1973F7F7007203F3 /* Classes */,
				03C687801973EB1F007203F3 /* Supporting Files */,
			);
			path = FaceGestureSample;
			sourceTree = "<group>";
		};
		03C687801973EB1F007203F3 /* Supporting Files */ = {
			isa = PBXGroup;
			children = (
				03D34EF519BEE49A004DC0B1 /* FaceGestureSample-Bridging-Header.h */,
				03C687811973EB1F007203F3 /* Info.plist */,
			);
			name = "Supporting Files";
			sourceTree = "<group>";
		};
		03C687921973EB1F007203F3 /* FaceGestureSampleTests */ = {
			isa = PBXGroup;
			children = (
				03C687951973EB1F007203F3 /* FaceGestureSampleTests.swift */,
				03C687931973EB1F007203F3 /* Supporting Files */,
			);
			path = FaceGestureSampleTests;
			sourceTree = "<group>";
		};
		03C687931973EB1F007203F3 /* Supporting Files */ = {
			isa = PBXGroup;
			children = (
				03C687941973EB1F007203F3 /* Info.plist */,
			);
			name = "Supporting Files";
			sourceTree = "<group>";
		};
		03C6879F1973F7F7007203F3 /* Classes */ = {
			isa = PBXGroup;
			children = (
				03B221D319ADDF3A00C6F30C /* Views */,
				03C687A61973F7F7007203F3 /* Model */,
				C108509F19A9E8760077A3C9 /* DeviceCapability */,
				037A00E519862F80007362AB /* Utility */,
				03C687A01973F7F7007203F3 /* AppBase */,
				03C687A21973F7F7007203F3 /* Controller */,
				03B221B419ADDEE000C6F30C /* Resource */,
				03C687B31973F9D4007203F3 /* Library */,
			);
			path = Classes;
			sourceTree = "<group>";
		};
		03C687A01973F7F7007203F3 /* AppBase */ = {
			isa = PBXGroup;
			children = (
				03C687A11973F7F7007203F3 /* AppDelegate.swift */,
				03ACF19E1979018A00923E08 /* FaceDetectionConstant.swift */,
				0367E58C197D256D000C3F66 /* FaceDetectionEnum.swift */,
			);
			path = AppBase;
			sourceTree = "<group>";
		};
		03C687A21973F7F7007203F3 /* Controller */ = {
			isa = PBXGroup;
			children = (
				03C687A31973F7F7007203F3 /* CoordinatingController */,
				03C687A41973F7F7007203F3 /* UIViewController */,
			);
			path = Controller;
			sourceTree = "<group>";
		};
		03C687A31973F7F7007203F3 /* CoordinatingController */ = {
			isa = PBXGroup;
			children = (
				03C687AF1973F941007203F3 /* FaceDetectionManager.swift */,
				03C1AEA519755065005093E1 /* VideoCaptureSession.swift */,
			);
			path = CoordinatingController;
			sourceTree = "<group>";
		};
		03C687A41973F7F7007203F3 /* UIViewController */ = {
			isa = PBXGroup;
			children = (
				03C687A51973F7F7007203F3 /* FDGalleryViewController.swift */,
				032EE46E19AB56EC006D4852 /* FeatureListViewController.swift */,
				03D34EF619BEF9FD004DC0B1 /* FDReadingViewController.swift */,
			);
			path = UIViewController;
			sourceTree = "<group>";
		};
		03C687A61973F7F7007203F3 /* Model */ = {
			isa = PBXGroup;
			children = (
				03B9311E19B9B05A00B0C7C2 /* FaceEvent.swift */,
			);
			path = Model;
			sourceTree = "<group>";
		};
		03C687B31973F9D4007203F3 /* Library */ = {
			isa = PBXGroup;
			children = (
				03D34EEB19BEDA01004DC0B1 /* AssetsLibrary.framework */,
				03BDE9A119BDB45500DA44AF /* opencv2.framework */,
				0344D1801976B09B0035FED3 /* CoreMedia.framework */,
				03C1AEA91975534B005093E1 /* UIKit.framework */,
				03C1AEA7197550D3005093E1 /* AVFoundation.framework */,
				03C687B11973F9B1007203F3 /* CoreImage.framework */,
			);
			name = Library;
			path = ../Library;
			sourceTree = "<group>";
		};
		C108509F19A9E8760077A3C9 /* DeviceCapability */ = {
			isa = PBXGroup;
			children = (
				03BDE9A419BDB48700DA44AF /* ExtensionVideoCaptureOpenCv.h */,
				03BDE9A519BDB48700DA44AF /* ExtensionVideoCaptureOpenCv.mm */,
				C10850A019A9E8A00077A3C9 /* FaceDetectionManager+AvFoundation.swift */,
				C116C69719B24FDF008439E2 /* FaceDetectionManager+CoreImage.swift */,
				031F442719B878F5007A3ECE /* VideoCaptureSession+AvFoundation.swift */,
				031F442919B87921007A3ECE /* VideoCaptureSession+CoreImage.swift */,
				03B378E019BF004700D0EE82 /* ExtensionFaceDetectionOpenCv.h */,
				03B378E119BF004700D0EE82 /* ExtensionFaceDetectionOpenCv.mm */,
			);
			path = DeviceCapability;
			sourceTree = "<group>";
		};
/* End PBXGroup section */

/* Begin PBXNativeTarget section */
		03C6877C1973EB1F007203F3 /* FaceGestureSample */ = {
			isa = PBXNativeTarget;
			buildConfigurationList = 03C687991973EB1F007203F3 /* Build configuration list for PBXNativeTarget "FaceGestureSample" */;
			buildPhases = (
				03C687791973EB1F007203F3 /* Sources */,
				03C6877A1973EB1F007203F3 /* Frameworks */,
				03C6877B1973EB1F007203F3 /* Resources */,
			);
			buildRules = (
			);
			dependencies = (
			);
			name = FaceGestureSample;
			productName = FaceGestureSample;
			productReference = 03C6877D1973EB1F007203F3 /* FaceGestureSample.app */;
			productType = "com.apple.product-type.application";
		};
		03C6878E1973EB1F007203F3 /* FaceGestureSampleTests */ = {
			isa = PBXNativeTarget;
			buildConfigurationList = 03C6879C1973EB1F007203F3 /* Build configuration list for PBXNativeTarget "FaceGestureSampleTests" */;
			buildPhases = (
				03C6878B1973EB1F007203F3 /* Sources */,
				03C6878C1973EB1F007203F3 /* Frameworks */,
				03C6878D1973EB1F007203F3 /* Resources */,
			);
			buildRules = (
			);
			dependencies = (
				03C687911973EB1F007203F3 /* PBXTargetDependency */,
			);
			name = FaceGestureSampleTests;
			productName = FaceGestureSampleTests;
			productReference = 03C6878F1973EB1F007203F3 /* FaceGestureSampleTests.xctest */;
			productType = "com.apple.product-type.bundle.unit-test";
		};
/* End PBXNativeTarget section */

/* Begin PBXProject section */
		03C687751973EB1F007203F3 /* Project object */ = {
			isa = PBXProject;
			attributes = {
				LastUpgradeCheck = 0600;
				ORGANIZATIONNAME = "Saurav Nagpal";
				TargetAttributes = {
					03C6877C1973EB1F007203F3 = {
						CreatedOnToolsVersion = 6.0;
					};
					03C6878E1973EB1F007203F3 = {
						CreatedOnToolsVersion = 6.0;
						TestTargetID = 03C6877C1973EB1F007203F3;
					};
				};
			};
			buildConfigurationList = 03C687781973EB1F007203F3 /* Build configuration list for PBXProject "FaceGestureSample" */;
			compatibilityVersion = "Xcode 3.2";
			developmentRegion = English;
			hasScannedForEncodings = 0;
			knownRegions = (
				en,
				Base,
			);
			mainGroup = 03C687741973EB1F007203F3;
			productRefGroup = 03C6877E1973EB1F007203F3 /* Products */;
			projectDirPath = "";
			projectRoot = "";
			targets = (
				03C6877C1973EB1F007203F3 /* FaceGestureSample */,
				03C6878E1973EB1F007203F3 /* FaceGestureSampleTests */,
			);
		};
/* End PBXProject section */

/* Begin PBXResourcesBuildPhase section */
		03C6877B1973EB1F007203F3 /* Resources */ = {
			isa = PBXResourcesBuildPhase;
			buildActionMask = 2147483647;
			files = (
				03B221CE19ADDEE100C6F30C /* 6.jpg in Resources */,
				03B221CD19ADDEE100C6F30C /* 5.jpg in Resources */,
				03B221CF19ADDEE100C6F30C /* 7.jpg in Resources */,
				03B221D019ADDEE100C6F30C /* 8.jpg in Resources */,
				03B221D219ADDEE100C6F30C /* Images.xcassets in Resources */,
				03B221CA19ADDEE100C6F30C /* 2.jpg in Resources */,
				03B221C619ADDEE100C6F30C /* faceGestureFeature.plist in Resources */,
				03B221C719ADDEE100C6F30C /* Main.storyboard in Resources */,
				03B221D119ADDEE100C6F30C /* 9.jpg in Resources */,
				03B221D719ADE38400C6F30C /* galleryViewImageNameList.plist in Resources */,
				03B221C919ADDEE100C6F30C /* 10.jpg in Resources */,
				03B221CC19ADDEE100C6F30C /* 4.jpg in Resources */,
				03B221C819ADDEE100C6F30C /* 1.jpg in Resources */,
				03B221CB19ADDEE100C6F30C /* 3.jpg in Resources */,
			);
			runOnlyForDeploymentPostprocessing = 0;
		};
		03C6878D1973EB1F007203F3 /* Resources */ = {
			isa = PBXResourcesBuildPhase;
			buildActionMask = 2147483647;
			files = (
			);
			runOnlyForDeploymentPostprocessing = 0;
		};
/* End PBXResourcesBuildPhase section */

/* Begin PBXSourcesBuildPhase section */
		03C687791973EB1F007203F3 /* Sources */ = {
			isa = PBXSourcesBuildPhase;
			buildActionMask = 2147483647;
			files = (
				03B9311F19B9B05A00B0C7C2 /* FaceEvent.swift in Sources */,
				037A00E719862F93007362AB /* Utility.swift in Sources */,
				032EE46F19AB56EC006D4852 /* FeatureListViewController.swift in Sources */,
				03C687AC1973F7F7007203F3 /* FDGalleryViewController.swift in Sources */,
				03C687AB1973F7F7007203F3 /* AppDelegate.swift in Sources */,
				03B378E219BF004700D0EE82 /* ExtensionFaceDetectionOpenCv.mm in Sources */,
				03C687B01973F941007203F3 /* FaceDetectionManager.swift in Sources */,
				037A00E919865163007362AB /* FDError.swift in Sources */,
				031F442A19B87921007A3ECE /* VideoCaptureSession+CoreImage.swift in Sources */,
				03B221D519ADDF6A00C6F30C /* FDImageView.swift in Sources */,
				0367E58D197D256D000C3F66 /* FaceDetectionEnum.swift in Sources */,
				03D34EF719BEF9FD004DC0B1 /* FDReadingViewController.swift in Sources */,
				03BDE9A619BDB48700DA44AF /* ExtensionVideoCaptureOpenCv.mm in Sources */,
				03C1AEA619755065005093E1 /* VideoCaptureSession.swift in Sources */,
				03ACF19F1979018A00923E08 /* FaceDetectionConstant.swift in Sources */,
				031F442819B878F5007A3ECE /* VideoCaptureSession+AvFoundation.swift in Sources */,
				C116C69819B24FDF008439E2 /* FaceDetectionManager+CoreImage.swift in Sources */,
				C10850A119A9E8A00077A3C9 /* FaceDetectionManager+AvFoundation.swift in Sources */,
			);
			runOnlyForDeploymentPostprocessing = 0;
		};
		03C6878B1973EB1F007203F3 /* Sources */ = {
			isa = PBXSourcesBuildPhase;
			buildActionMask = 2147483647;
			files = (
				03C687961973EB1F007203F3 /* FaceGestureSampleTests.swift in Sources */,
			);
			runOnlyForDeploymentPostprocessing = 0;
		};
/* End PBXSourcesBuildPhase section */

/* Begin PBXTargetDependency section */
		03C687911973EB1F007203F3 /* PBXTargetDependency */ = {
			isa = PBXTargetDependency;
			target = 03C6877C1973EB1F007203F3 /* FaceGestureSample */;
			targetProxy = 03C687901973EB1F007203F3 /* PBXContainerItemProxy */;
		};
/* End PBXTargetDependency section */

/* Begin PBXVariantGroup section */
		03B221B719ADDEE000C6F30C /* Main.storyboard */ = {
			isa = PBXVariantGroup;
			children = (
				03B221B819ADDEE000C6F30C /* Base */,
			);
			name = Main.storyboard;
			sourceTree = "<group>";
		};
/* End PBXVariantGroup section */

/* Begin XCBuildConfiguration section */
		03C687971973EB1F007203F3 /* Debug */ = {
			isa = XCBuildConfiguration;
			buildSettings = {
				ALWAYS_SEARCH_USER_PATHS = NO;
				CLANG_CXX_LANGUAGE_STANDARD = "gnu++0x";
				CLANG_CXX_LIBRARY = "libc++";
				CLANG_ENABLE_MODULES = YES;
				CLANG_ENABLE_OBJC_ARC = YES;
				CLANG_WARN_BOOL_CONVERSION = YES;
				CLANG_WARN_CONSTANT_CONVERSION = YES;
				CLANG_WARN_DIRECT_OBJC_ISA_USAGE = YES_ERROR;
				CLANG_WARN_EMPTY_BODY = YES;
				CLANG_WARN_ENUM_CONVERSION = YES;
				CLANG_WARN_INT_CONVERSION = YES;
				CLANG_WARN_OBJC_ROOT_CLASS = YES_ERROR;
				CLANG_WARN_UNREACHABLE_CODE = YES;
				CLANG_WARN__DUPLICATE_METHOD_MATCH = YES;
				"CODE_SIGN_IDENTITY[sdk=iphoneos*]" = "iPhone Developer: Praveen Jha (L4CKQNLR55)";
				COPY_PHASE_STRIP = NO;
				ENABLE_STRICT_OBJC_MSGSEND = YES;
				GCC_C_LANGUAGE_STANDARD = gnu99;
				GCC_DYNAMIC_NO_PIC = NO;
				GCC_OPTIMIZATION_LEVEL = 0;
				GCC_PREPROCESSOR_DEFINITIONS = (
					"DEBUG=1",
					"$(inherited)",
				);
				GCC_SYMBOLS_PRIVATE_EXTERN = NO;
				GCC_WARN_64_TO_32_BIT_CONVERSION = YES;
				GCC_WARN_ABOUT_RETURN_TYPE = YES_ERROR;
				GCC_WARN_UNDECLARED_SELECTOR = YES;
				GCC_WARN_UNINITIALIZED_AUTOS = YES_AGGRESSIVE;
				GCC_WARN_UNUSED_FUNCTION = YES;
				GCC_WARN_UNUSED_VARIABLE = YES;
				IPHONEOS_DEPLOYMENT_TARGET = 8.0;
				METAL_ENABLE_DEBUG_INFO = YES;
				ONLY_ACTIVE_ARCH = YES;
				PROVISIONING_PROFILE = "E81ACCCD-5615-40BE-AADB-23217740CC5F";
				SDKROOT = iphoneos;
				SWIFT_OPTIMIZATION_LEVEL = "-Onone";
			};
			name = Debug;
		};
		03C687981973EB1F007203F3 /* Release */ = {
			isa = XCBuildConfiguration;
			buildSettings = {
				ALWAYS_SEARCH_USER_PATHS = NO;
				CLANG_CXX_LANGUAGE_STANDARD = "gnu++0x";
				CLANG_CXX_LIBRARY = "libc++";
				CLANG_ENABLE_MODULES = YES;
				CLANG_ENABLE_OBJC_ARC = YES;
				CLANG_WARN_BOOL_CONVERSION = YES;
				CLANG_WARN_CONSTANT_CONVERSION = YES;
				CLANG_WARN_DIRECT_OBJC_ISA_USAGE = YES_ERROR;
				CLANG_WARN_EMPTY_BODY = YES;
				CLANG_WARN_ENUM_CONVERSION = YES;
				CLANG_WARN_INT_CONVERSION = YES;
				CLANG_WARN_OBJC_ROOT_CLASS = YES_ERROR;
				CLANG_WARN_UNREACHABLE_CODE = YES;
				CLANG_WARN__DUPLICATE_METHOD_MATCH = YES;
				CODE_SIGN_IDENTITY = "iPhone Developer: Praveen Jha (L4CKQNLR55)";
				"CODE_SIGN_IDENTITY[sdk=iphoneos*]" = "iPhone Distribution: GlobalLogic Inc";
				COPY_PHASE_STRIP = YES;
				ENABLE_NS_ASSERTIONS = NO;
				ENABLE_STRICT_OBJC_MSGSEND = YES;
				GCC_C_LANGUAGE_STANDARD = gnu99;
				GCC_WARN_64_TO_32_BIT_CONVERSION = YES;
				GCC_WARN_ABOUT_RETURN_TYPE = YES_ERROR;
				GCC_WARN_UNDECLARED_SELECTOR = YES;
				GCC_WARN_UNINITIALIZED_AUTOS = YES_AGGRESSIVE;
				GCC_WARN_UNUSED_FUNCTION = YES;
				GCC_WARN_UNUSED_VARIABLE = YES;
				IPHONEOS_DEPLOYMENT_TARGET = 8.0;
				METAL_ENABLE_DEBUG_INFO = NO;
				PROVISIONING_PROFILE = "E81ACCCD-5615-40BE-AADB-23217740CC5F";
				SDKROOT = iphoneos;
				VALIDATE_PRODUCT = YES;
			};
			name = Release;
		};
		03C6879A1973EB1F007203F3 /* Debug */ = {
			isa = XCBuildConfiguration;
			buildSettings = {
				ASSETCATALOG_COMPILER_APPICON_NAME = AppIcon;
				ASSETCATALOG_COMPILER_LAUNCHIMAGE_NAME = LaunchImage;
				CODE_SIGN_IDENTITY = "iPhone Distribution: GlobalLogic Inc";
				"CODE_SIGN_IDENTITY[sdk=iphoneos*]" = "iPhone Distribution: GlobalLogic Inc";
				FRAMEWORK_SEARCH_PATHS = (
					"$(inherited)",
					"$(PROJECT_DIR)/FaceGestureSample/Library",
				);
				INFOPLIST_FILE = FaceGestureSample/Info.plist;
				LD_RUNPATH_SEARCH_PATHS = "$(inherited) @executable_path/Frameworks";
				PRODUCT_NAME = "$(TARGET_NAME)";
				PROVISIONING_PROFILE = "B7F7ED9A-4CB7-4151-A210-F19751A98B5E";
				SWIFT_INSTALL_OBJC_HEADER = YES;
				SWIFT_OBJC_BRIDGING_HEADER = "FaceGestureSample/Classes/DeviceCapability/FaceGestureSample-Bridging-Header.h";
				"SWIFT_OBJC_BRIDGING_HEADER[arch=*]" = "FaceGestureSample/Classes/DeviceCapability/FaceGestureSample-Bridging-Header.h";
			};
			name = Debug;
		};
		03C6879B1973EB1F007203F3 /* Release */ = {
			isa = XCBuildConfiguration;
			buildSettings = {
				ASSETCATALOG_COMPILER_APPICON_NAME = AppIcon;
				ASSETCATALOG_COMPILER_LAUNCHIMAGE_NAME = LaunchImage;
				CODE_SIGN_IDENTITY = "iPhone Distribution: GlobalLogic Inc";
				"CODE_SIGN_IDENTITY[sdk=iphoneos*]" = "iPhone Distribution: GlobalLogic Inc";
				FRAMEWORK_SEARCH_PATHS = (
					"$(inherited)",
					"$(PROJECT_DIR)/FaceGestureSample/Library",
				);
				INFOPLIST_FILE = FaceGestureSample/Info.plist;
				LD_RUNPATH_SEARCH_PATHS = "$(inherited) @executable_path/Frameworks";
				PRODUCT_NAME = "$(TARGET_NAME)";
				PROVISIONING_PROFILE = "B7F7ED9A-4CB7-4151-A210-F19751A98B5E";
				SWIFT_INSTALL_OBJC_HEADER = YES;
				SWIFT_OBJC_BRIDGING_HEADER = "FaceGestureSample/Classes/DeviceCapability/FaceGestureSample-Bridging-Header.h";
			};
			name = Release;
		};
		03C6879D1973EB1F007203F3 /* Debug */ = {
			isa = XCBuildConfiguration;
			buildSettings = {
				BUNDLE_LOADER = "$(BUILT_PRODUCTS_DIR)/FaceGestureSample.app/FaceGestureSample";
				FRAMEWORK_SEARCH_PATHS = (
					"$(SDKROOT)/Developer/Library/Frameworks",
					"$(inherited)",
				);
				GCC_PREPROCESSOR_DEFINITIONS = (
					"DEBUG=1",
					"$(inherited)",
				);
				INFOPLIST_FILE = FaceGestureSampleTests/Info.plist;
				LD_RUNPATH_SEARCH_PATHS = "$(inherited) @executable_path/Frameworks @loader_path/Frameworks";
				METAL_ENABLE_DEBUG_INFO = YES;
				PRODUCT_NAME = "$(TARGET_NAME)";
				TEST_HOST = "$(BUNDLE_LOADER)";
			};
			name = Debug;
		};
		03C6879E1973EB1F007203F3 /* Release */ = {
			isa = XCBuildConfiguration;
			buildSettings = {
				BUNDLE_LOADER = "$(BUILT_PRODUCTS_DIR)/FaceGestureSample.app/FaceGestureSample";
				FRAMEWORK_SEARCH_PATHS = (
					"$(SDKROOT)/Developer/Library/Frameworks",
					"$(inherited)",
				);
				INFOPLIST_FILE = FaceGestureSampleTests/Info.plist;
				LD_RUNPATH_SEARCH_PATHS = "$(inherited) @executable_path/Frameworks @loader_path/Frameworks";
				METAL_ENABLE_DEBUG_INFO = NO;
				PRODUCT_NAME = "$(TARGET_NAME)";
				TEST_HOST = "$(BUNDLE_LOADER)";
			};
			name = Release;
		};
/* End XCBuildConfiguration section */

/* Begin XCConfigurationList section */
		03C687781973EB1F007203F3 /* Build configuration list for PBXProject "FaceGestureSample" */ = {
			isa = XCConfigurationList;
			buildConfigurations = (
				03C687971973EB1F007203F3 /* Debug */,
				03C687981973EB1F007203F3 /* Release */,
			);
			defaultConfigurationIsVisible = 0;
			defaultConfigurationName = Release;
		};
		03C687991973EB1F007203F3 /* Build configuration list for PBXNativeTarget "FaceGestureSample" */ = {
			isa = XCConfigurationList;
			buildConfigurations = (
				03C6879A1973EB1F007203F3 /* Debug */,
				03C6879B1973EB1F007203F3 /* Release */,
			);
			defaultConfigurationIsVisible = 0;
			defaultConfigurationName = Release;
		};
		03C6879C1973EB1F007203F3 /* Build configuration list for PBXNativeTarget "FaceGestureSampleTests" */ = {
			isa = XCConfigurationList;
			buildConfigurations = (
				03C6879D1973EB1F007203F3 /* Debug */,
				03C6879E1973EB1F007203F3 /* Release */,
			);
			defaultConfigurationIsVisible = 0;
			defaultConfigurationName = Release;
		};
/* End XCConfigurationList section */
	};
	rootObject = 03C687751973EB1F007203F3 /* Project object */;
}
