// !$*UTF8*$!
{
	archiveVersion = 1;
	classes = {
	};
	objectVersion = 46;
	objects = {

/* Begin PBXBuildFile section */
		034134381A11E3A400FAC09F /* main.m in Sources */ = {isa = PBXBuildFile; fileRef = 034134371A11E3A400FAC09F /* main.m */; };
		034134481A11E3C200FAC09F /* SampleOperation.m in Sources */ = {isa = PBXBuildFile; fileRef = 034134411A11E3C200FAC09F /* SampleOperation.m */; };
		0341344A1A11E3C200FAC09F /* HttpConnection.m in Sources */ = {isa = PBXBuildFile; fileRef = 034134461A11E3C200FAC09F /* HttpConnection.m */; };
/* End PBXBuildFile section */

/* Begin PBXCopyFilesBuildPhase section */
		034134321A11E3A400FAC09F /* CopyFiles */ = {
			isa = PBXCopyFilesBuildPhase;
			buildActionMask = 2147483647;
			dstPath = /usr/share/man/man1/;
			dstSubfolderSpec = 0;
			files = (
			);
			runOnlyForDeploymentPostprocessing = 1;
		};
/* End PBXCopyFilesBuildPhase section */

/* Begin PBXFileReference section */
		034134341A11E3A400FAC09F /* NSOperationQueueAsynRequest */ = {isa = PBXFileReference; explicitFileType = "compiled.mach-o.executable"; includeInIndex = 0; path = NSOperationQueueAsynRequest; sourceTree = BUILT_PRODUCTS_DIR; };
		034134371A11E3A400FAC09F /* main.m */ = {isa = PBXFileReference; lastKnownFileType = sourcecode.c.objc; path = main.m; sourceTree = "<group>"; };
		034134401A11E3C200FAC09F /* SampleOperation.h */ = {isa = PBXFileReference; fileEncoding = 4; lastKnownFileType = sourcecode.c.h; path = SampleOperation.h; sourceTree = "<group>"; };
		034134411A11E3C200FAC09F /* SampleOperation.m */ = {isa = PBXFileReference; fileEncoding = 4; lastKnownFileType = sourcecode.c.objc; path = SampleOperation.m; sourceTree = "<group>"; };
		034134451A11E3C200FAC09F /* HttpConnection.h */ = {isa = PBXFileReference; fileEncoding = 4; lastKnownFileType = sourcecode.c.h; path = HttpConnection.h; sourceTree = "<group>"; };
		034134461A11E3C200FAC09F /* HttpConnection.m */ = {isa = PBXFileReference; fileEncoding = 4; lastKnownFileType = sourcecode.c.objc; path = HttpConnection.m; sourceTree = "<group>"; };
/* End PBXFileReference section */

/* Begin PBXFrameworksBuildPhase section */
		034134311A11E3A400FAC09F /* Frameworks */ = {
			isa = PBXFrameworksBuildPhase;
			buildActionMask = 2147483647;
			files = (
			);
			runOnlyForDeploymentPostprocessing = 0;
		};
/* End PBXFrameworksBuildPhase section */

/* Begin PBXGroup section */
		0341342B1A11E3A400FAC09F = {
			isa = PBXGroup;
			children = (
				034134361A11E3A400FAC09F /* NSOperationQueueAsynRequest */,
				034134351A11E3A400FAC09F /* Products */,
			);
			sourceTree = "<group>";
		};
		034134351A11E3A400FAC09F /* Products */ = {
			isa = PBXGroup;
			children = (
				034134341A11E3A400FAC09F /* NSOperationQueueAsynRequest */,
			);
			name = Products;
			sourceTree = "<group>";
		};
		034134361A11E3A400FAC09F /* NSOperationQueueAsynRequest */ = {
			isa = PBXGroup;
			children = (
				0341343E1A11E3C200FAC09F /* Classes */,
				034134471A11E3C200FAC09F /* Frameworks */,
				034134371A11E3A400FAC09F /* main.m */,
			);
			path = NSOperationQueueAsynRequest;
			sourceTree = "<group>";
		};
		0341343E1A11E3C200FAC09F /* Classes */ = {
			isa = PBXGroup;
			children = (
				0341343F1A11E3C200FAC09F /* NSOpertionQueue */,
				034134441A11E3C200FAC09F /* Utility */,
			);
			path = Classes;
			sourceTree = "<group>";
		};
		0341343F1A11E3C200FAC09F /* NSOpertionQueue */ = {
			isa = PBXGroup;
			children = (
				034134401A11E3C200FAC09F /* SampleOperation.h */,
				034134411A11E3C200FAC09F /* SampleOperation.m */,
			);
			path = NSOpertionQueue;
			sourceTree = "<group>";
		};
		034134441A11E3C200FAC09F /* Utility */ = {
			isa = PBXGroup;
			children = (
				034134451A11E3C200FAC09F /* HttpConnection.h */,
				034134461A11E3C200FAC09F /* HttpConnection.m */,
			);
			path = Utility;
			sourceTree = "<group>";
		};
		034134471A11E3C200FAC09F /* Frameworks */ = {
			isa = PBXGroup;
			children = (
			);
			path = Frameworks;
			sourceTree = "<group>";
		};
/* End PBXGroup section */

/* Begin PBXNativeTarget section */
		034134331A11E3A400FAC09F /* NSOperationQueueAsynRequest */ = {
			isa = PBXNativeTarget;
			buildConfigurationList = 0341343B1A11E3A400FAC09F /* Build configuration list for PBXNativeTarget "NSOperationQueueAsynRequest" */;
			buildPhases = (
				034134301A11E3A400FAC09F /* Sources */,
				034134311A11E3A400FAC09F /* Frameworks */,
				034134321A11E3A400FAC09F /* CopyFiles */,
			);
			buildRules = (
			);
			dependencies = (
			);
			name = NSOperationQueueAsynRequest;
			productName = NSOperationQueueAsynRequest;
			productReference = 034134341A11E3A400FAC09F /* NSOperationQueueAsynRequest */;
			productType = "com.apple.product-type.tool";
		};
/* End PBXNativeTarget section */

/* Begin PBXProject section */
		0341342C1A11E3A400FAC09F /* Project object */ = {
			isa = PBXProject;
			attributes = {
				LastUpgradeCheck = 0600;
				ORGANIZATIONNAME = "Saurav Nagpal";
				TargetAttributes = {
					034134331A11E3A400FAC09F = {
						CreatedOnToolsVersion = 6.0;
					};
				};
			};
			buildConfigurationList = 0341342F1A11E3A400FAC09F /* Build configuration list for PBXProject "NSOperationQueueAsynRequest" */;
			compatibilityVersion = "Xcode 3.2";
			developmentRegion = English;
			hasScannedForEncodings = 0;
			knownRegions = (
				en,
			);
			mainGroup = 0341342B1A11E3A400FAC09F;
			productRefGroup = 034134351A11E3A400FAC09F /* Products */;
			projectDirPath = "";
			projectRoot = "";
			targets = (
				034134331A11E3A400FAC09F /* NSOperationQueueAsynRequest */,
			);
		};
/* End PBXProject section */

/* Begin PBXSourcesBuildPhase section */
		034134301A11E3A400FAC09F /* Sources */ = {
			isa = PBXSourcesBuildPhase;
			buildActionMask = 2147483647;
			files = (
				034134381A11E3A400FAC09F /* main.m in Sources */,
				034134481A11E3C200FAC09F /* SampleOperation.m in Sources */,
				0341344A1A11E3C200FAC09F /* HttpConnection.m in Sources */,
			);
			runOnlyForDeploymentPostprocessing = 0;
		};
/* End PBXSourcesBuildPhase section */

/* Begin XCBuildConfiguration section */
		034134391A11E3A400FAC09F /* Debug */ = {
			isa = XCBuildConfiguration;
			buildSettings = {
				ALWAYS_SEARCH_USER_PATHS = NO;
				CLANG_CXX_LANGUAGE_STANDARD = "gnu++0x";
				CLANG_CXX_LIBRARY = "libc++";
				CLANG_ENABLE_MODULES = YES;
				CLANG_ENABLE_OBJC_ARC = YES;
				CLANG_WARN_BOOL_CONVERSION = YES;
				CLANG_WARN_CONSTANT_CONVERSION = YES;
				CLANG_WARN_DIRECT_OBJC_ISA_USAGE = YES_ERROR;
				CLANG_WARN_EMPTY_BODY = YES;
				CLANG_WARN_ENUM_CONVERSION = YES;
				CLANG_WARN_INT_CONVERSION = YES;
				CLANG_WARN_OBJC_ROOT_CLASS = YES_ERROR;
				CLANG_WARN_UNREACHABLE_CODE = YES;
				CLANG_WARN__DUPLICATE_METHOD_MATCH = YES;
				COPY_PHASE_STRIP = NO;
				ENABLE_STRICT_OBJC_MSGSEND = YES;
				GCC_C_LANGUAGE_STANDARD = gnu99;
				GCC_DYNAMIC_NO_PIC = NO;
				GCC_OPTIMIZATION_LEVEL = 0;
				GCC_PREPROCESSOR_DEFINITIONS = (
					"DEBUG=1",
					"$(inherited)",
				);
				GCC_SYMBOLS_PRIVATE_EXTERN = NO;
				GCC_WARN_64_TO_32_BIT_CONVERSION = YES;
				GCC_WARN_ABOUT_RETURN_TYPE = YES_ERROR;
				GCC_WARN_UNDECLARED_SELECTOR = YES;
				GCC_WARN_UNINITIALIZED_AUTOS = YES_AGGRESSIVE;
				GCC_WARN_UNUSED_FUNCTION = YES;
				GCC_WARN_UNUSED_VARIABLE = YES;
				MACOSX_DEPLOYMENT_TARGET = 10.9;
				MTL_ENABLE_DEBUG_INFO = YES;
				ONLY_ACTIVE_ARCH = YES;
				SDKROOT = macosx;
			};
			name = Debug;
		};
		0341343A1A11E3A400FAC09F /* Release */ = {
			isa = XCBuildConfiguration;
			buildSettings = {
				ALWAYS_SEARCH_USER_PATHS = NO;
				CLANG_CXX_LANGUAGE_STANDARD = "gnu++0x";
				CLANG_CXX_LIBRARY = "libc++";
				CLANG_ENABLE_MODULES = YES;
				CLANG_ENABLE_OBJC_ARC = YES;
				CLANG_WARN_BOOL_CONVERSION = YES;
				CLANG_WARN_CONSTANT_CONVERSION = YES;
				CLANG_WARN_DIRECT_OBJC_ISA_USAGE = YES_ERROR;
				CLANG_WARN_EMPTY_BODY = YES;
				CLANG_WARN_ENUM_CONVERSION = YES;
				CLANG_WARN_INT_CONVERSION = YES;
				CLANG_WARN_OBJC_ROOT_CLASS = YES_ERROR;
				CLANG_WARN_UNREACHABLE_CODE = YES;
				CLANG_WARN__DUPLICATE_METHOD_MATCH = YES;
				COPY_PHASE_STRIP = YES;
				DEBUG_INFORMATION_FORMAT = "dwarf-with-dsym";
				ENABLE_NS_ASSERTIONS = NO;
				ENABLE_STRICT_OBJC_MSGSEND = YES;
				GCC_C_LANGUAGE_STANDARD = gnu99;
				GCC_WARN_64_TO_32_BIT_CONVERSION = YES;
				GCC_WARN_ABOUT_RETURN_TYPE = YES_ERROR;
				GCC_WARN_UNDECLARED_SELECTOR = YES;
				GCC_WARN_UNINITIALIZED_AUTOS = YES_AGGRESSIVE;
				GCC_WARN_UNUSED_FUNCTION = YES;
				GCC_WARN_UNUSED_VARIABLE = YES;
				MACOSX_DEPLOYMENT_TARGET = 10.9;
				MTL_ENABLE_DEBUG_INFO = NO;
				SDKROOT = macosx;
			};
			name = Release;
		};
		0341343C1A11E3A400FAC09F /* Debug */ = {
			isa = XCBuildConfiguration;
			buildSettings = {
				PRODUCT_NAME = "$(TARGET_NAME)";
			};
			name = Debug;
		};
		0341343D1A11E3A400FAC09F /* Release */ = {
			isa = XCBuildConfiguration;
			buildSettings = {
				PRODUCT_NAME = "$(TARGET_NAME)";
			};
			name = Release;
		};
/* End XCBuildConfiguration section */

/* Begin XCConfigurationList section */
		0341342F1A11E3A400FAC09F /* Build configuration list for PBXProject "NSOperationQueueAsynRequest" */ = {
			isa = XCConfigurationList;
			buildConfigurations = (
				034134391A11E3A400FAC09F /* Debug */,
				0341343A1A11E3A400FAC09F /* Release */,
			);
			defaultConfigurationIsVisible = 0;
			defaultConfigurationName = Release;
		};
		0341343B1A11E3A400FAC09F /* Build configuration list for PBXNativeTarget "NSOperationQueueAsynRequest" */ = {
			isa = XCConfigurationList;
			buildConfigurations = (
				0341343C1A11E3A400FAC09F /* Debug */,
				0341343D1A11E3A400FAC09F /* Release */,
			);
			defaultConfigurationIsVisible = 0;
		};
/* End XCConfigurationList section */
	};
	rootObject = 0341342C1A11E3A400FAC09F /* Project object */;
}
